{
  "name": "lamda-search",
  "version": "1.0.0",
  "lockfileVersion": 1,
  "requires": true,
  "dependencies": {
    "@algolia/cache-browser-local-storage": {
      "version": "4.0.3",
      "resolved": "https://registry.npmjs.org/@algolia/cache-browser-local-storage/-/cache-browser-local-storage-4.0.3.tgz",
      "integrity": "sha512-iHzUP7ZP09Cd48aAu58OnERchgdho/5l12YoL70AXLeDmyu/ZTENuGHiSwM2NHFE+nM4naH0N9krxtVf3/5HSg==",
      "requires": {
        "@algolia/cache-common": "4.0.3"
      }
    },
    "@algolia/cache-common": {
      "version": "4.0.3",
      "resolved": "https://registry.npmjs.org/@algolia/cache-common/-/cache-common-4.0.3.tgz",
      "integrity": "sha512-5XwhDpT3bxbLc/NRJayNN7Yfj9UrqZERKjcwv2D1nl3DFa55St9czspbU9XaDns3NhyPY5XipBYJEafWa8NtVA=="
    },
    "@algolia/cache-in-memory": {
      "version": "4.0.3",
      "resolved": "https://registry.npmjs.org/@algolia/cache-in-memory/-/cache-in-memory-4.0.3.tgz",
      "integrity": "sha512-2eiyV+2oYbpErHNKzcITblVuw2K0qVyFfWxpSQVg5TUWg+PrEfvxAa3oDpcFvkvw/E4lIdvwt2AG8e5ldI11qQ==",
      "requires": {
        "@algolia/cache-common": "4.0.3"
      }
    },
    "@algolia/client-account": {
      "version": "4.0.3",
      "resolved": "https://registry.npmjs.org/@algolia/client-account/-/client-account-4.0.3.tgz",
      "integrity": "sha512-qMdMD746HjzqGUH+M5yDdinPzDwLK7HSLoyfZqCDaqZD4oxhI0pwvwyTnrSQ+LngWe9wMhu/l+uhipo0libilA==",
      "requires": {
        "@algolia/client-common": "4.0.3",
        "@algolia/client-search": "4.0.3",
        "@algolia/transporter": "4.0.3"
      }
    },
    "@algolia/client-analytics": {
      "version": "4.0.3",
      "resolved": "https://registry.npmjs.org/@algolia/client-analytics/-/client-analytics-4.0.3.tgz",
      "integrity": "sha512-y9J6iWowtvc5iKarIYi9FJC7QJJ0y06vvZI8Pa6UC99KyGEosxHiw8vVSlcWdz48nVbDpqvszD/ocpnU1eoGFQ==",
      "requires": {
        "@algolia/client-common": "4.0.3",
        "@algolia/client-search": "4.0.3",
        "@algolia/requester-common": "4.0.3",
        "@algolia/transporter": "4.0.3"
      }
    },
    "@algolia/client-common": {
      "version": "4.0.3",
      "resolved": "https://registry.npmjs.org/@algolia/client-common/-/client-common-4.0.3.tgz",
      "integrity": "sha512-pAuPT0LH/k0HB1ZfNBbfylPApruVenxn1EZWYDJcuEWkXe8yde+rTOA1355C6M2oz8khEYxKHoCckGUlz6WKSw==",
      "requires": {
        "@algolia/requester-common": "4.0.3",
        "@algolia/transporter": "4.0.3"
      }
    },
    "@algolia/client-recommendation": {
      "version": "4.0.3",
      "resolved": "https://registry.npmjs.org/@algolia/client-recommendation/-/client-recommendation-4.0.3.tgz",
      "integrity": "sha512-svki0hByAMPCEJhzU//6qCpEPt2e7HABMmWVybHX+fxElBnJrYkLu5lukRX6xZYyCtqob5EMWUIOVpFUSsfe+A==",
      "requires": {
        "@algolia/client-common": "4.0.3",
        "@algolia/requester-common": "4.0.3",
        "@algolia/transporter": "4.0.3"
      }
    },
    "@algolia/client-search": {
      "version": "4.0.3",
      "resolved": "https://registry.npmjs.org/@algolia/client-search/-/client-search-4.0.3.tgz",
      "integrity": "sha512-Q4XE9SlQuxJQfOxOZA4u1MA9H5xOu2TBjmlCBG4tOsUq79u6uK5w/qfIfzvorIg7PrItIC2eGTkykD8HmBkIEA==",
      "requires": {
        "@algolia/client-common": "4.0.3",
        "@algolia/requester-common": "4.0.3",
        "@algolia/transporter": "4.0.3"
      }
    },
    "@algolia/logger-common": {
      "version": "4.0.3",
      "resolved": "https://registry.npmjs.org/@algolia/logger-common/-/logger-common-4.0.3.tgz",
      "integrity": "sha512-DC7JiFc6cXQk6Ut5RS8M5ieBHtfUBBFmUXaJtloqcANNmAdFZnOcayIgRYz+fGXEkz2AzhObReN0vZ45BmiVBQ=="
    },
    "@algolia/logger-console": {
      "version": "4.0.3",
      "resolved": "https://registry.npmjs.org/@algolia/logger-console/-/logger-console-4.0.3.tgz",
      "integrity": "sha512-KXHXpwZ4cNsjC18GpwflBO/v9J/dW7bksnVmjaCCAdYKY2e1XnD5P8hCrYe2QIIwa6+HB9IB/5aYMtE4NNj3sg==",
      "requires": {
        "@algolia/logger-common": "4.0.3"
      }
    },
    "@algolia/requester-browser-xhr": {
      "version": "4.0.3",
      "resolved": "https://registry.npmjs.org/@algolia/requester-browser-xhr/-/requester-browser-xhr-4.0.3.tgz",
      "integrity": "sha512-cj4BBbuX7fLA5EJLkesfENY1Q9pSMpJuzvtvyy18jhPavMY2qL4Y9NFbQo03ENnmD2qnDfdIK17cJLa+QaINwg==",
      "requires": {
        "@algolia/requester-common": "4.0.3"
      }
    },
    "@algolia/requester-common": {
      "version": "4.0.3",
      "resolved": "https://registry.npmjs.org/@algolia/requester-common/-/requester-common-4.0.3.tgz",
      "integrity": "sha512-6zfTEW17a/S/M/rBtvMO37pHJ3eqXQorCsoCKpcJXE1gV16Yt8pB9HqylnepC+xv9bMgCn72YkfWmhrGjW/hkA=="
    },
    "@algolia/requester-node-http": {
      "version": "4.0.3",
      "resolved": "https://registry.npmjs.org/@algolia/requester-node-http/-/requester-node-http-4.0.3.tgz",
      "integrity": "sha512-TCddXMrfieNWDbQwxikOUZGJoYvN2MFCB+d8Yw3/RhwHasB4B5mWQ/8pvtgihlH13FILSVY1IB9ghC9SZBK6rw==",
      "requires": {
        "@algolia/requester-common": "4.0.3"
      }
    },
    "@algolia/transporter": {
      "version": "4.0.3",
      "resolved": "https://registry.npmjs.org/@algolia/transporter/-/transporter-4.0.3.tgz",
      "integrity": "sha512-ol6mXCL+DAGplpE5erN5Nrcq/aZLVxpQg6V5BK0fK0YDSiCCrucRpuwGW6SkxhlgdyGQbl/4s5hZJ+ucYpK+3w==",
      "requires": {
        "@algolia/cache-common": "4.0.3",
        "@algolia/logger-common": "4.0.3",
        "@algolia/requester-common": "4.0.3"
      }
    },
    "algoliasearch": {
      "version": "4.0.3",
      "resolved": "https://registry.npmjs.org/algoliasearch/-/algoliasearch-4.0.3.tgz",
      "integrity": "sha512-/4aFAPDoFGEDsx3c0ggKfRC1FeEdtM1HyWMwVe/wkHf/GH6CF67NFNIaBgkqt4i/SYAs92WL8B2Y8cDEMQGfGg==",
      "requires": {
        "@algolia/cache-browser-local-storage": "4.0.3",
        "@algolia/cache-common": "4.0.3",
        "@algolia/cache-in-memory": "4.0.3",
        "@algolia/client-account": "4.0.3",
        "@algolia/client-analytics": "4.0.3",
        "@algolia/client-common": "4.0.3",
        "@algolia/client-recommendation": "4.0.3",
        "@algolia/client-search": "4.0.3",
        "@algolia/logger-common": "4.0.3",
        "@algolia/logger-console": "4.0.3",
        "@algolia/requester-browser-xhr": "4.0.3",
        "@algolia/requester-common": "4.0.3",
        "@algolia/requester-node-http": "4.0.3",
        "@algolia/transporter": "4.0.3"
      }
    },
    "ua-parser-js": {
      "version": "0.7.21",
      "resolved": "https://registry.npmjs.org/ua-parser-js/-/ua-parser-js-0.7.21.tgz",
      "integrity": "sha512-+O8/qh/Qj8CgC6eYBVBykMrNtp5Gebn4dlGD/kKXVkJNDwyrAwSIqwz8CDf+tsAIWVycKcku6gIXJ0qwx/ZXaQ=="
    }
  }
}
